schema: '2.0'
stages:
  prepare:
    cmd: python scripts/prepare_data.py --input data/raw/winequality-red.csv 
      --output-dir data/processed --config config.ini
    deps:
    - path: config.ini
      hash: md5
      md5: 667534fd694225a3bf35cf51a6fac99a
      size: 241
    - path: data/raw/winequality-red.csv
      hash: md5
      md5: c676cfbc07d4640f4ecb764a102cad01
      size: 85799
    - path: scripts/prepare_data.py
      hash: md5
      md5: ace59749b95b9fa977860a0dceef2213
      size: 326
    - path: src/wine_quality_mlops/config.py
      hash: md5
      md5: 64bba72723bca88423f0b0071db57256
      size: 1865
    - path: src/wine_quality_mlops/data.py
      hash: md5
      md5: 5ab3c326541655adf067ccf183d1b1ce
      size: 2658
    - path: src/wine_quality_mlops/schema.py
      hash: md5
      md5: 1274d5b5849d4e5037f7339fb7211627
      size: 401
    outs:
    - path: data/processed/summary.json
      hash: md5
      md5: 5b6520a4959ba8028f6bf3d7002e1899
      size: 582
    - path: data/processed/test.csv
      hash: md5
      md5: e0a28877dd8e094489f6d3578b1d9a0d
      size: 16019
    - path: data/processed/train.csv
      hash: md5
      md5: eed0939b19a801fd938df519b1d6c81e
      size: 63682
  train:
    cmd: python scripts/train_model.py --train-path data/processed/train.csv 
      --test-path data/processed/test.csv --artifacts-dir artifacts --config 
      config.ini
    deps:
    - path: config.ini
      hash: md5
      md5: 667534fd694225a3bf35cf51a6fac99a
      size: 241
    - path: data/processed/test.csv
      hash: md5
      md5: e0a28877dd8e094489f6d3578b1d9a0d
      size: 16019
    - path: data/processed/train.csv
      hash: md5
      md5: eed0939b19a801fd938df519b1d6c81e
      size: 63682
    - path: scripts/train_model.py
      hash: md5
      md5: 981b5e09bf401f37f763a91347885baa
      size: 325
    - path: src/wine_quality_mlops/config.py
      hash: md5
      md5: 64bba72723bca88423f0b0071db57256
      size: 1865
    - path: src/wine_quality_mlops/schema.py
      hash: md5
      md5: 1274d5b5849d4e5037f7339fb7211627
      size: 401
    - path: src/wine_quality_mlops/train.py
      hash: md5
      md5: 436c9b280bcf2f552d81e95eaed8bf68
      size: 3170
    outs:
    - path: artifacts/metrics.json
      hash: md5
      md5: 2efbb4ef7777bcc4fc127f9831b5d2ff
      size: 204
    - path: artifacts/model.joblib
      hash: md5
      md5: 08501314c9e9537ae67f2d71656a4979
      size: 7740561
    - path: artifacts/model_metadata.json
      hash: md5
      md5: c8fd27c27e1e72a6b4f62133ee2aed99
      size: 409
